
Microsoft Visual Studio Solution File, Format Version 12.00
# Visual Studio Version 17
VisualStudioVersion = 17.14.36301.6 d17.14
MinimumVisualStudioVersion = 10.0.40219.1
Project("{FAE04EC0-301F-11D3-BF4B-00C04F79EFBC}") = "ProjectManager", "ProjectManager.csproj", "{6C4F5BCD-DE74-4442-ACAE-BAC78E90C593}"
EndProject
Global
	GlobalSection(SolutionConfigurationPlatforms) = preSolution
		Debug|Any CPU = Debug|Any CPU
		Release|Any CPU = Release|Any CPU
	EndGlobalSection
	GlobalSection(ProjectConfigurationPlatforms) = postSolution
		{6C4F5BCD-DE74-4442-ACAE-BAC78E90C593}.Debug|Any CPU.ActiveCfg = Debug|Any CPU
		{6C4F5BCD-DE74-4442-ACAE-BAC78E90C593}.Debug|Any CPU.Build.0 = Debug|Any CPU
		{6C4F5BCD-DE74-4442-ACAE-BAC78E90C593}.Release|Any CPU.ActiveCfg = Release|Any CPU
		{6C4F5BCD-DE74-4442-ACAE-BAC78E90C593}.Release|Any CPU.Build.0 = Release|Any CPU
	EndGlobalSection
	GlobalSection(SolutionProperties) = preSolution
		HideSolutionNode = FALSE
	EndGlobalSection
	GlobalSection(ExtensibilityGlobals) = postSolution
		SolutionGuid = {066E2ECC-7534-4F33-88A9-E116347A63B6}
	EndGlobalSection
EndGlobal
